
Microsoft Visual Studio Solution File, Format Version 12.00
# Visual Studio Version 17
VisualStudioVersion = 17.2.32505.173
MinimumVisualStudioVersion = 10.0.40219.1
Project("{8BC9CEB8-8B4A-11D0-8D11-00A0C91BC942}") = "EditorRefresh", "EditorRefresh.vcxproj", "{D04587FE-FBB7-47B9-97A3-888B308042FA}"
EndProject
Global
	GlobalSection(SolutionConfigurationPlatforms) = preSolution
		Debug|x64 = Debug|x64
		Debug|x86 = Debug|x86
		Release|x64 = Release|x64
		Release|x86 = Release|x86
	EndGlobalSection
	GlobalSection(ProjectConfigurationPlatforms) = postSolution
		{D04587FE-FBB7-47B9-97A3-888B308042FA}.Debug|x64.ActiveCfg = Debug|x64
		{D04587FE-FBB7-47B9-97A3-888B308042FA}.Debug|x64.Build.0 = Debug|x64
		{D04587FE-FBB7-47B9-97A3-888B308042FA}.Debug|x86.ActiveCfg = Debug|Win32
		{D04587FE-FBB7-47B9-97A3-888B308042FA}.Debug|x86.Build.0 = Debug|Win32
		{D04587FE-FBB7-47B9-97A3-888B308042FA}.Release|x64.ActiveCfg = Release|x64
		{D04587FE-FBB7-47B9-97A3-888B308042FA}.Release|x64.Build.0 = Release|x64
		{D04587FE-FBB7-47B9-97A3-888B308042FA}.Release|x86.ActiveCfg = Release|Win32
		{D04587FE-FBB7-47B9-97A3-888B308042FA}.Release|x86.Build.0 = Release|Win32
	EndGlobalSection
	GlobalSection(SolutionProperties) = preSolution
		HideSolutionNode = FALSE
	EndGlobalSection
	GlobalSection(ExtensibilityGlobals) = postSolution
		SolutionGuid = {ABD50EAA-9EAE-4CDC-9BE7-D4EEC6FCBFE0}
	EndGlobalSection
EndGlobal
